
Microsoft Visual Studio Solution File, Format Version 12.00
# Visual Studio Version 16
VisualStudioVersion = 16.0.29806.167
MinimumVisualStudioVersion = 10.0.40219.1
Project("{FAE04EC0-301F-11D3-BF4B-00C04F79EFBC}") = "ConsoleChecker", "ConsoleChecker\ConsoleChecker.csproj", "{1D211679-5B3A-4039-888D-282E3CAD572C}"
EndProject
Project("{FAE04EC0-301F-11D3-BF4B-00C04F79EFBC}") = "GUIChecker", "GUIChecker\GUIChecker.csproj", "{CE56EC38-B15E-4B21-ACF9-93F004E49F53}"
EndProject
Global
	GlobalSection(SolutionConfigurationPlatforms) = preSolution
		Debug|Any CPU = Debug|Any CPU
		Release|Any CPU = Release|Any CPU
	EndGlobalSection
	GlobalSection(ProjectConfigurationPlatforms) = postSolution
		{1D211679-5B3A-4039-888D-282E3CAD572C}.Debug|Any CPU.ActiveCfg = Debug|Any CPU
		{1D211679-5B3A-4039-888D-282E3CAD572C}.Debug|Any CPU.Build.0 = Debug|Any CPU
		{1D211679-5B3A-4039-888D-282E3CAD572C}.Release|Any CPU.ActiveCfg = Release|Any CPU
		{1D211679-5B3A-4039-888D-282E3CAD572C}.Release|Any CPU.Build.0 = Release|Any CPU
		{CE56EC38-B15E-4B21-ACF9-93F004E49F53}.Debug|Any CPU.ActiveCfg = Debug|Any CPU
		{CE56EC38-B15E-4B21-ACF9-93F004E49F53}.Debug|Any CPU.Build.0 = Debug|Any CPU
		{CE56EC38-B15E-4B21-ACF9-93F004E49F53}.Release|Any CPU.ActiveCfg = Release|Any CPU
		{CE56EC38-B15E-4B21-ACF9-93F004E49F53}.Release|Any CPU.Build.0 = Release|Any CPU
	EndGlobalSection
	GlobalSection(SolutionProperties) = preSolution
		HideSolutionNode = FALSE
	EndGlobalSection
	GlobalSection(ExtensibilityGlobals) = postSolution
		SolutionGuid = {FE062101-1B29-443F-8CC0-509BDE1558F2}
	EndGlobalSection
EndGlobal
